// !$*UTF8*$!
{
	archiveVersion = 1;
	classes = {
	};
	objectVersion = 48;
	objects = {

/* Begin PBXBuildFile section */
		5385ABE31FFE590D00CD269F /* myCellCollectionViewCell.swift in Sources */ = {isa = PBXBuildFile; fileRef = 5385ABE21FFE590D00CD269F /* myCellCollectionViewCell.swift */; };
		539E18C81FFE4E9200E64BDE /* AppDelegate.swift in Sources */ = {isa = PBXBuildFile; fileRef = 539E18C71FFE4E9200E64BDE /* AppDelegate.swift */; };
		539E18CA1FFE4E9200E64BDE /* ViewController.swift in Sources */ = {isa = PBXBuildFile; fileRef = 539E18C91FFE4E9200E64BDE /* ViewController.swift */; };
		539E18CD1FFE4E9200E64BDE /* Main.storyboard in Resources */ = {isa = PBXBuildFile; fileRef = 539E18CB1FFE4E9200E64BDE /* Main.storyboard */; };
		539E18CF1FFE4E9200E64BDE /* Assets.xcassets in Resources */ = {isa = PBXBuildFile; fileRef = 539E18CE1FFE4E9200E64BDE /* Assets.xcassets */; };
		539E18D21FFE4E9200E64BDE /* LaunchScreen.storyboard in Resources */ = {isa = PBXBuildFile; fileRef = 539E18D01FFE4E9200E64BDE /* LaunchScreen.storyboard */; };
/* End PBXBuildFile section */

/* Begin PBXFileReference section */
		5385ABE21FFE590D00CD269F /* myCellCollectionViewCell.swift */ = {isa = PBXFileReference; lastKnownFileType = sourcecode.swift; path = myCellCollectionViewCell.swift; sourceTree = "<group>"; };
		539E18C41FFE4E9200E64BDE /* 1111111.app */ = {isa = PBXFileReference; explicitFileType = wrapper.application; includeInIndex = 0; path = 1111111.app; sourceTree = BUILT_PRODUCTS_DIR; };
		539E18C71FFE4E9200E64BDE /* AppDelegate.swift */ = {isa = PBXFileReference; lastKnownFileType = sourcecode.swift; path = AppDelegate.swift; sourceTree = "<group>"; };
		539E18C91FFE4E9200E64BDE /* ViewController.swift */ = {isa = PBXFileReference; lastKnownFileType = sourcecode.swift; path = ViewController.swift; sourceTree = "<group>"; };
		539E18CC1FFE4E9200E64BDE /* Base */ = {isa = PBXFileReference; lastKnownFileType = file.storyboard; name = Base; path = Base.lproj/Main.storyboard; sourceTree = "<group>"; };
		539E18CE1FFE4E9200E64BDE /* Assets.xcassets */ = {isa = PBXFileReference; lastKnownFileType = folder.assetcatalog; path = Assets.xcassets; sourceTree = "<group>"; };
		539E18D11FFE4E9200E64BDE /* Base */ = {isa = PBXFileReference; lastKnownFileType = file.storyboard; name = Base; path = Base.lproj/LaunchScreen.storyboard; sourceTree = "<group>"; };
		539E18D31FFE4E9200E64BDE /* Info.plist */ = {isa = PBXFileReference; lastKnownFileType = text.plist.xml; path = Info.plist; sourceTree = "<group>"; };
/* End PBXFileReference section */

/* Begin PBXFrameworksBuildPhase section */
		539E18C11FFE4E9200E64BDE /* Frameworks */ = {
			isa = PBXFrameworksBuildPhase;
			buildActionMask = 2147483647;
			files = (
			);
			runOnlyForDeploymentPostprocessing = 0;
		};
/* End PBXFrameworksBuildPhase section */

/* Begin PBXGroup section */
		539E18BB1FFE4E9200E64BDE = {
			isa = PBXGroup;
			children = (
				539E18C61FFE4E9200E64BDE /* 1111111 */,
				539E18C51FFE4E9200E64BDE /* Products */,
			);
			sourceTree = "<group>";
		};
		539E18C51FFE4E9200E64BDE /* Products */ = {
			isa = PBXGroup;
			children = (
				539E18C41FFE4E9200E64BDE /* 1111111.app */,
			);
			name = Products;
			sourceTree = "<group>";
		};
		539E18C61FFE4E9200E64BDE /* 1111111 */ = {
			isa = PBXGroup;
			children = (
				539E18C71FFE4E9200E64BDE /* AppDelegate.swift */,
				539E18C91FFE4E9200E64BDE /* ViewController.swift */,
				5385ABE21FFE590D00CD269F /* myCellCollectionViewCell.swift */,
				539E18CB1FFE4E9200E64BDE /* Main.storyboard */,
				539E18CE1FFE4E9200E64BDE /* Assets.xcassets */,
				539E18D01FFE4E9200E64BDE /* LaunchScreen.storyboard */,
				539E18D31FFE4E9200E64BDE /* Info.plist */,
			);
			path = 1111111;
			sourceTree = "<group>";
		};
/* End PBXGroup section */

/* Begin PBXNativeTarget section */
		539E18C31FFE4E9200E64BDE /* 1111111 */ = {
			isa = PBXNativeTarget;
			buildConfigurationList = 539E18D61FFE4E9200E64BDE /* Build configuration list for PBXNativeTarget "1111111" */;
			buildPhases = (
				539E18C01FFE4E9200E64BDE /* Sources */,
				539E18C11FFE4E9200E64BDE /* Frameworks */,
				539E18C21FFE4E9200E64BDE /* Resources */,
			);
			buildRules = (
			);
			dependencies = (
			);
			name = 1111111;
			productName = 1111111;
			productReference = 539E18C41FFE4E9200E64BDE /* 1111111.app */;
			productType = "com.apple.product-type.application";
		};
/* End PBXNativeTarget section */

/* Begin PBXProject section */
		539E18BC1FFE4E9200E64BDE /* Project object */ = {
			isa = PBXProject;
			attributes = {
				LastSwiftUpdateCheck = 0920;
				LastUpgradeCheck = 0920;
				ORGANIZATIONNAME = "NacBook Pro";
				TargetAttributes = {
					539E18C31FFE4E9200E64BDE = {
						CreatedOnToolsVersion = 9.2;
						ProvisioningStyle = Automatic;
					};
				};
			};
			buildConfigurationList = 539E18BF1FFE4E9200E64BDE /* Build configuration list for PBXProject "1111111" */;
			compatibilityVersion = "Xcode 8.0";
			developmentRegion = en;
			hasScannedForEncodings = 0;
			knownRegions = (
				en,
				Base,
			);
			mainGroup = 539E18BB1FFE4E9200E64BDE;
			productRefGroup = 539E18C51FFE4E9200E64BDE /* Products */;
			projectDirPath = "";
			projectRoot = "";
			targets = (
				539E18C31FFE4E9200E64BDE /* 1111111 */,
			);
		};
/* End PBXProject section */

/* Begin PBXResourcesBuildPhase section */
		539E18C21FFE4E9200E64BDE /* Resources */ = {
			isa = PBXResourcesBuildPhase;
			buildActionMask = 2147483647;
			files = (
				539E18D21FFE4E9200E64BDE /* LaunchScreen.storyboard in Resources */,
				539E18CF1FFE4E9200E64BDE /* Assets.xcassets in Resources */,
				539E18CD1FFE4E9200E64BDE /* Main.storyboard in Resources */,
			);
			runOnlyForDeploymentPostprocessing = 0;
		};
/* End PBXResourcesBuildPhase section */

/* Begin PBXSourcesBuildPhase section */
		539E18C01FFE4E9200E64BDE /* Sources */ = {
			isa = PBXSourcesBuildPhase;
			buildActionMask = 2147483647;
			files = (
				539E18CA1FFE4E9200E64BDE /* ViewController.swift in Sources */,
				5385ABE31FFE590D00CD269F /* myCellCollectionViewCell.swift in Sources */,
				539E18C81FFE4E9200E64BDE /* AppDelegate.swift in Sources */,
			);
			runOnlyForDeploymentPostprocessing = 0;
		};
/* End PBXSourcesBuildPhase section */

/* Begin PBXVariantGroup section */
		539E18CB1FFE4E9200E64BDE /* Main.storyboard */ = {
			isa = PBXVariantGroup;
			children = (
				539E18CC1FFE4E9200E64BDE /* Base */,
			);
			name = Main.storyboard;
			sourceTree = "<group>";
		};
		539E18D01FFE4E9200E64BDE /* LaunchScreen.storyboard */ = {
			isa = PBXVariantGroup;
			children = (
				539E18D11FFE4E9200E64BDE /* Base */,
			);
			name = LaunchScreen.storyboard;
			sourceTree = "<group>";
		};
/* End PBXVariantGroup section */

/* Begin XCBuildConfiguration section */
		539E18D41FFE4E9200E64BDE /* Debug */ = {
			isa = XCBuildConfiguration;
			buildSettings = {
				ALWAYS_SEARCH_USER_PATHS = NO;
				CLANG_ANALYZER_NONNULL = YES;
				CLANG_ANALYZER_NUMBER_OBJECT_CONVERSION = YES_AGGRESSIVE;
				CLANG_CXX_LANGUAGE_STANDARD = "gnu++14";
				CLANG_CXX_LIBRARY = "libc++";
				CLANG_ENABLE_MODULES = YES;
				CLANG_ENABLE_OBJC_ARC = YES;
				CLANG_WARN_BLOCK_CAPTURE_AUTORELEASING = YES;
				CLANG_WARN_BOOL_CONVERSION = YES;
				CLANG_WARN_COMMA = YES;
				CLANG_WARN_CONSTANT_CONVERSION = YES;
				CLANG_WARN_DIRECT_OBJC_ISA_USAGE = YES_ERROR;
				CLANG_WARN_DOCUMENTATION_COMMENTS = YES;
				CLANG_WARN_EMPTY_BODY = YES;
				CLANG_WARN_ENUM_CONVERSION = YES;
				CLANG_WARN_INFINITE_RECURSION = YES;
				CLANG_WARN_INT_CONVERSION = YES;
				CLANG_WARN_NON_LITERAL_NULL_CONVERSION = YES;
				CLANG_WARN_OBJC_LITERAL_CONVERSION = YES;
				CLANG_WARN_OBJC_ROOT_CLASS = YES_ERROR;
				CLANG_WARN_RANGE_LOOP_ANALYSIS = YES;
				CLANG_WARN_STRICT_PROTOTYPES = YES;
				CLANG_WARN_SUSPICIOUS_MOVE = YES;
				CLANG_WARN_UNGUARDED_AVAILABILITY = YES_AGGRESSIVE;
				CLANG_WARN_UNREACHABLE_CODE = YES;
				CLANG_WARN__DUPLICATE_METHOD_MATCH = YES;
				CODE_SIGN_IDENTITY = "iPhone Developer";
				COPY_PHASE_STRIP = NO;
				DEBUG_INFORMATION_FORMAT = dwarf;
				ENABLE_STRICT_OBJC_MSGSEND = YES;
				ENABLE_TESTABILITY = YES;
				GCC_C_LANGUAGE_STANDARD = gnu11;
				GCC_DYNAMIC_NO_PIC = NO;
				GCC_NO_COMMON_BLOCKS = YES;
				GCC_OPTIMIZATION_LEVEL = 0;
				GCC_PREPROCESSOR_DEFINITIONS = (
					"DEBUG=1",
					"$(inherited)",
				);
				GCC_WARN_64_TO_32_BIT_CONVERSION = YES;
				GCC_WARN_ABOUT_RETURN_TYPE = YES_ERROR;
				GCC_WARN_UNDECLARED_SELECTOR = YES;
				GCC_WARN_UNINITIALIZED_AUTOS = YES_AGGRESSIVE;
				GCC_WARN_UNUSED_FUNCTION = YES;
				GCC_WARN_UNUSED_VARIABLE = YES;
				IPHONEOS_DEPLOYMENT_TARGET = 11.2;
				MTL_ENABLE_DEBUG_INFO = YES;
				ONLY_ACTIVE_ARCH = YES;
				SDKROOT = iphoneos;
				SWIFT_ACTIVE_COMPILATION_CONDITIONS = DEBUG;
				SWIFT_OPTIMIZATION_LEVEL = "-Onone";
			};
			name = Debug;
		};
		539E18D51FFE4E9200E64BDE /* Release */ = {
			isa = XCBuildConfiguration;
			buildSettings = {
				ALWAYS_SEARCH_USER_PATHS = NO;
				CLANG_ANALYZER_NONNULL = YES;
				CLANG_ANALYZER_NUMBER_OBJECT_CONVERSION = YES_AGGRESSIVE;
				CLANG_CXX_LANGUAGE_STANDARD = "gnu++14";
				CLANG_CXX_LIBRARY = "libc++";
				CLANG_ENABLE_MODULES = YES;
				CLANG_ENABLE_OBJC_ARC = YES;
				CLANG_WARN_BLOCK_CAPTURE_AUTORELEASING = YES;
				CLANG_WARN_BOOL_CONVERSION = YES;
				CLANG_WARN_COMMA = YES;
				CLANG_WARN_CONSTANT_CONVERSION = YES;
				CLANG_WARN_DIRECT_OBJC_ISA_USAGE = YES_ERROR;
				CLANG_WARN_DOCUMENTATION_COMMENTS = YES;
				CLANG_WARN_EMPTY_BODY = YES;
				CLANG_WARN_ENUM_CONVERSION = YES;
				CLANG_WARN_INFINITE_RECURSION = YES;
				CLANG_WARN_INT_CONVERSION = YES;
				CLANG_WARN_NON_LITERAL_NULL_CONVERSION = YES;
				CLANG_WARN_OBJC_LITERAL_CONVERSION = YES;
				CLANG_WARN_OBJC_ROOT_CLASS = YES_ERROR;
				CLANG_WARN_RANGE_LOOP_ANALYSIS = YES;
				CLANG_WARN_STRICT_PROTOTYPES = YES;
				CLANG_WARN_SUSPICIOUS_MOVE = YES;
				CLANG_WARN_UNGUARDED_AVAILABILITY = YES_AGGRESSIVE;
				CLANG_WARN_UNREACHABLE_CODE = YES;
				CLANG_WARN__DUPLICATE_METHOD_MATCH = YES;
				CODE_SIGN_IDENTITY = "iPhone Developer";
				COPY_PHASE_STRIP = NO;
				DEBUG_INFORMATION_FORMAT = "dwarf-with-dsym";
				ENABLE_NS_ASSERTIONS = NO;
				ENABLE_STRICT_OBJC_MSGSEND = YES;
				GCC_C_LANGUAGE_STANDARD = gnu11;
				GCC_NO_COMMON_BLOCKS = YES;
				GCC_WARN_64_TO_32_BIT_CONVERSION = YES;
				GCC_WARN_ABOUT_RETURN_TYPE = YES_ERROR;
				GCC_WARN_UNDECLARED_SELECTOR = YES;
				GCC_WARN_UNINITIALIZED_AUTOS = YES_AGGRESSIVE;
				GCC_WARN_UNUSED_FUNCTION = YES;
				GCC_WARN_UNUSED_VARIABLE = YES;
				IPHONEOS_DEPLOYMENT_TARGET = 11.2;
				MTL_ENABLE_DEBUG_INFO = NO;
				SDKROOT = iphoneos;
				SWIFT_OPTIMIZATION_LEVEL = "-Owholemodule";
				VALIDATE_PRODUCT = YES;
			};
			name = Release;
		};
		539E18D71FFE4E9200E64BDE /* Debug */ = {
			isa = XCBuildConfiguration;
			buildSettings = {
				ASSETCATALOG_COMPILER_APPICON_NAME = AppIcon;
				CODE_SIGN_STYLE = Automatic;
				INFOPLIST_FILE = 1111111/Info.plist;
				LD_RUNPATH_SEARCH_PATHS = "$(inherited) @executable_path/Frameworks";
				PRODUCT_BUNDLE_IDENTIFIER = "cag.-111111";
				PRODUCT_NAME = "$(TARGET_NAME)";
				SWIFT_VERSION = 4.0;
				TARGETED_DEVICE_FAMILY = "1,2";
			};
			name = Debug;
		};
		539E18D81FFE4E9200E64BDE /* Release */ = {
			isa = XCBuildConfiguration;
			buildSettings = {
				ASSETCATALOG_COMPILER_APPICON_NAME = AppIcon;
				CODE_SIGN_STYLE = Automatic;
				INFOPLIST_FILE = 1111111/Info.plist;
				LD_RUNPATH_SEARCH_PATHS = "$(inherited) @executable_path/Frameworks";
				PRODUCT_BUNDLE_IDENTIFIER = "cag.-111111";
				PRODUCT_NAME = "$(TARGET_NAME)";
				SWIFT_VERSION = 4.0;
				TARGETED_DEVICE_FAMILY = "1,2";
			};
			name = Release;
		};
/* End XCBuildConfiguration section */

/* Begin XCConfigurationList section */
		539E18BF1FFE4E9200E64BDE /* Build configuration list for PBXProject "1111111" */ = {
			isa = XCConfigurationList;
			buildConfigurations = (
				539E18D41FFE4E9200E64BDE /* Debug */,
				539E18D51FFE4E9200E64BDE /* Release */,
			);
			defaultConfigurationIsVisible = 0;
			defaultConfigurationName = Release;
		};
		539E18D61FFE4E9200E64BDE /* Build configuration list for PBXNativeTarget "1111111" */ = {
			isa = XCConfigurationList;
			buildConfigurations = (
				539E18D71FFE4E9200E64BDE /* Debug */,
				539E18D81FFE4E9200E64BDE /* Release */,
			);
			defaultConfigurationIsVisible = 0;
			defaultConfigurationName = Release;
		};
/* End XCConfigurationList section */
	};
	rootObject = 539E18BC1FFE4E9200E64BDE /* Project object */;
}
